PODS:
  - AFNetworking (2.5.1):
    - AFNetworking/NSURLConnection (= 2.5.1)
    - AFNetworking/NSURLSession (= 2.5.1)
    - AFNetworking/Reachability (= 2.5.1)
    - AFNetworking/Security (= 2.5.1)
    - AFNetworking/Serialization (= 2.5.1)
    - AFNetworking/UIKit (= 2.5.1)
  - AFNetworking/NSURLConnection (2.5.1):
    - AFNetworking/Reachability
    - AFNetworking/Security
    - AFNetworking/Serialization
  - AFNetworking/NSURLSession (2.5.1):
    - AFNetworking/Reachability
    - AFNetworking/Security
    - AFNetworking/Serialization
  - AFNetworking/Reachability (2.5.1)
  - AFNetworking/Security (2.5.1)
  - AFNetworking/Serialization (2.5.1)
  - AFNetworking/UIKit (2.5.1):
    - AFNetworking/NSURLConnection
    - AFNetworking/NSURLSession
  - Bolts (1.1.4)
  - Facebook-iOS-SDK (3.23.0):
    - Bolts (~> 1.0)
  - Parse (1.6.4):
    - Bolts (~> 1.1)
  - ParseFacebookUtils (1.6.4):
    - Facebook-iOS-SDK (~> 3.20)
    - Parse (~> 1.6.4)

DEPENDENCIES:
  - AFNetworking
  - Parse
  - ParseFacebookUtils

SPEC CHECKSUMS:
  AFNetworking: 8bee59492a6ff15d69130efa4d0dc67e0094a52a
  Bolts: dd9fb8433d67f5acc3b6b4d1379bbc5513d716c1
  Facebook-iOS-SDK: 3d65f685348b789e46a9aacf92bfa85b60b63755
  Parse: c2610f7a12ad0defc974803b819c4efe7746e6db
  ParseFacebookUtils: 00833ccf6fec7d6429e2403fe457496a5089358b

COCOAPODS: 0.35.0
